
Microsoft Visual Studio Solution File, Format Version 12.00
# Visual Studio 15
VisualStudioVersion = 15.0.28307.329
MinimumVisualStudioVersion = 10.0.40219.1
Project("{FAE04EC0-301F-11D3-BF4B-00C04F79EFBC}") = "ConsoleApp1", "ConsoleApp1\ConsoleApp1.csproj", "{B3D5D948-81F3-4F34-8D47-100E4F85A046}"
EndProject
Project("{FAE04EC0-301F-11D3-BF4B-00C04F79EFBC}") = "PrintName", "PrintName\PrintName.csproj", "{4C34A896-2303-4F6E-A1AD-971B31C639CF}"
EndProject
Project("{FAE04EC0-301F-11D3-BF4B-00C04F79EFBC}") = "SquareRoot", "SquareRoot\SquareRoot.csproj", "{164BFF1E-94D4-412D-85D8-14CD9FCE9785}"
EndProject
Project("{FAE04EC0-301F-11D3-BF4B-00C04F79EFBC}") = "CurrDateTime", "CurrDateTime\CurrDateTime.csproj", "{B0C65E19-4FFB-4238-81D7-7C10F8E98F5A}"
EndProject
Project("{FAE04EC0-301F-11D3-BF4B-00C04F79EFBC}") = "SumofNumb", "SumofNumb\SumofNumb.csproj", "{55F01C19-0BD9-46C4-96CB-B894883A2A25}"
EndProject
Global
	GlobalSection(SolutionConfigurationPlatforms) = preSolution
		Debug|Any CPU = Debug|Any CPU
		Release|Any CPU = Release|Any CPU
	EndGlobalSection
	GlobalSection(ProjectConfigurationPlatforms) = postSolution
		{B3D5D948-81F3-4F34-8D47-100E4F85A046}.Debug|Any CPU.ActiveCfg = Debug|Any CPU
		{B3D5D948-81F3-4F34-8D47-100E4F85A046}.Debug|Any CPU.Build.0 = Debug|Any CPU
		{B3D5D948-81F3-4F34-8D47-100E4F85A046}.Release|Any CPU.ActiveCfg = Release|Any CPU
		{B3D5D948-81F3-4F34-8D47-100E4F85A046}.Release|Any CPU.Build.0 = Release|Any CPU
		{4C34A896-2303-4F6E-A1AD-971B31C639CF}.Debug|Any CPU.ActiveCfg = Debug|Any CPU
		{4C34A896-2303-4F6E-A1AD-971B31C639CF}.Debug|Any CPU.Build.0 = Debug|Any CPU
		{4C34A896-2303-4F6E-A1AD-971B31C639CF}.Release|Any CPU.ActiveCfg = Release|Any CPU
		{4C34A896-2303-4F6E-A1AD-971B31C639CF}.Release|Any CPU.Build.0 = Release|Any CPU
		{164BFF1E-94D4-412D-85D8-14CD9FCE9785}.Debug|Any CPU.ActiveCfg = Debug|Any CPU
		{164BFF1E-94D4-412D-85D8-14CD9FCE9785}.Debug|Any CPU.Build.0 = Debug|Any CPU
		{164BFF1E-94D4-412D-85D8-14CD9FCE9785}.Release|Any CPU.ActiveCfg = Release|Any CPU
		{164BFF1E-94D4-412D-85D8-14CD9FCE9785}.Release|Any CPU.Build.0 = Release|Any CPU
		{B0C65E19-4FFB-4238-81D7-7C10F8E98F5A}.Debug|Any CPU.ActiveCfg = Debug|Any CPU
		{B0C65E19-4FFB-4238-81D7-7C10F8E98F5A}.Debug|Any CPU.Build.0 = Debug|Any CPU
		{B0C65E19-4FFB-4238-81D7-7C10F8E98F5A}.Release|Any CPU.ActiveCfg = Release|Any CPU
		{B0C65E19-4FFB-4238-81D7-7C10F8E98F5A}.Release|Any CPU.Build.0 = Release|Any CPU
		{55F01C19-0BD9-46C4-96CB-B894883A2A25}.Debug|Any CPU.ActiveCfg = Debug|Any CPU
		{55F01C19-0BD9-46C4-96CB-B894883A2A25}.Debug|Any CPU.Build.0 = Debug|Any CPU
		{55F01C19-0BD9-46C4-96CB-B894883A2A25}.Release|Any CPU.ActiveCfg = Release|Any CPU
		{55F01C19-0BD9-46C4-96CB-B894883A2A25}.Release|Any CPU.Build.0 = Release|Any CPU
	EndGlobalSection
	GlobalSection(SolutionProperties) = preSolution
		HideSolutionNode = FALSE
	EndGlobalSection
	GlobalSection(ExtensibilityGlobals) = postSolution
		SolutionGuid = {8354151E-8728-4BF1-84F7-C095323CD541}
	EndGlobalSection
EndGlobal
