
Microsoft Visual Studio Solution File, Format Version 12.00
# Visual Studio 15
VisualStudioVersion = 15.0.28307.329
MinimumVisualStudioVersion = 10.0.40219.1
Project("{FAE04EC0-301F-11D3-BF4B-00C04F79EFBC}") = "ConsoleApp1", "ConsoleApp1\ConsoleApp1.csproj", "{B3D5D948-81F3-4F34-8D47-100E4F85A046}"
EndProject
Project("{FAE04EC0-301F-11D3-BF4B-00C04F79EFBC}") = "PrintName", "PrintName\PrintName.csproj", "{4C34A896-2303-4F6E-A1AD-971B31C639CF}"
EndProject
Project("{FAE04EC0-301F-11D3-BF4B-00C04F79EFBC}") = "SquareRoot", "SquareRoot\SquareRoot.csproj", "{164BFF1E-94D4-412D-85D8-14CD9FCE9785}"
EndProject
Project("{FAE04EC0-301F-11D3-BF4B-00C04F79EFBC}") = "CurrDateTime", "CurrDateTime\CurrDateTime.csproj", "{B0C65E19-4FFB-4238-81D7-7C10F8E98F5A}"
EndProject
Project("{FAE04EC0-301F-11D3-BF4B-00C04F79EFBC}") = "SumofNumb", "SumofNumb\SumofNumb.csproj", "{55F01C19-0BD9-46C4-96CB-B894883A2A25}"
EndProject
Project("{FAE04EC0-301F-11D3-BF4B-00C04F79EFBC}") = "OddorEven", "OddorEven\OddorEven.csproj", "{D27DB717-D18C-4680-A070-874F18797438}"
EndProject
Project("{FAE04EC0-301F-11D3-BF4B-00C04F79EFBC}") = "DivideBySandF", "DivideBySandF\DivideBySandF.csproj", "{59BB82DD-5F44-45D1-AAE6-A42E742BB55A}"
EndProject
Project("{FAE04EC0-301F-11D3-BF4B-00C04F79EFBC}") = "ThirdDigit", "ThirdDigit\ThirdDigit.csproj", "{BCCDDBE4-44BF-43B2-BF7A-81F8E1DC8773}"
EndProject
Project("{FAE04EC0-301F-11D3-BF4B-00C04F79EFBC}") = "FourDigits", "FourDigits\FourDigits.csproj", "{B7A5DBAC-92B0-4ADA-B0EB-F997D1AAB60F}"
EndProject
Project("{FAE04EC0-301F-11D3-BF4B-00C04F79EFBC}") = "MoonGravity", "MoonGravity\MoonGravity.csproj", "{0893B630-773B-41E7-B473-CC1B4ABFBF68}"
EndProject
Project("{FAE04EC0-301F-11D3-BF4B-00C04F79EFBC}") = "SumOf3Numbers", "SumOf3Numbers\SumOf3Numbers.csproj", "{66F92298-FC91-41F0-AE6E-72D7A8A4B0F9}"
EndProject
Project("{FAE04EC0-301F-11D3-BF4B-00C04F79EFBC}") = "CompanyInfo", "CompanyInfo\CompanyInfo.csproj", "{C54BDC07-A9A8-4ACA-9B94-6142722517C6}"
EndProject
Project("{FAE04EC0-301F-11D3-BF4B-00C04F79EFBC}") = "NumberCompare", "NumberCompare\NumberCompare.csproj", "{4DDA7912-B769-4A52-AB7D-7F750434916F}"
EndProject
Project("{FAE04EC0-301F-11D3-BF4B-00C04F79EFBC}") = "FromZeroToHero", "FromZeroToHero\FromZeroToHero.csproj", "{A966B3EE-6AF7-4EC1-A11D-BB71CE7F3341}"
EndProject
Project("{FAE04EC0-301F-11D3-BF4B-00C04F79EFBC}") = "NotDivisibleNumbers", "NotDivisibleNumbers\NotDivisibleNumbers.csproj", "{D902084A-64D5-4F8B-99D8-8D39345FA4BA}"
EndProject
Project("{FAE04EC0-301F-11D3-BF4B-00C04F79EFBC}") = "IsFemale", "IsFemale\IsFemale.csproj", "{F968885B-7FED-40CC-8BE8-6E05CDF8494F}"
EndProject
Project("{FAE04EC0-301F-11D3-BF4B-00C04F79EFBC}") = "StringAndObject", "StringAndObject\StringAndObject.csproj", "{406CF7BE-EFC6-4B6F-9653-62B0E3488E9A}"
EndProject
Project("{FAE04EC0-301F-11D3-BF4B-00C04F79EFBC}") = "QuotoInString", "QuotoInString\QuotoInString.csproj", "{C94EE4D5-34AA-496B-A4A3-0AC9623D21E3}"
EndProject
Project("{FAE04EC0-301F-11D3-BF4B-00C04F79EFBC}") = "IsosclecTriangle", "IsosclecTriangle\IsosclecTriangle.csproj", "{601811BD-33FD-40B0-A6A2-DA409F07EC21}"
EndProject
Project("{FAE04EC0-301F-11D3-BF4B-00C04F79EFBC}") = "ExchangeVariables", "ExchangeVariables\ExchangeVariables.csproj", "{FC4F5ACD-02AF-4B3F-97BC-C653A28B9D16}"
EndProject
Project("{FAE04EC0-301F-11D3-BF4B-00C04F79EFBC}") = "EmplayeeData", "EmplayeeData\EmplayeeData.csproj", "{5235C0BA-198C-4B51-B811-0E712830A913}"
EndProject
Project("{FAE04EC0-301F-11D3-BF4B-00C04F79EFBC}") = "DeclareVariable", "DeclareVariable\DeclareVariable.csproj", "{337848F2-9649-45C0-8A25-57F0FCCE6D0D}"
EndProject
Project("{FAE04EC0-301F-11D3-BF4B-00C04F79EFBC}") = "FloatOrDouble", "FloatOrDouble\FloatOrDouble.csproj", "{6F8419CC-06B2-4816-A43D-F1D47F5ED322}"
EndProject
Project("{FAE04EC0-301F-11D3-BF4B-00C04F79EFBC}") = "VariableinHexadecimalFormat", "VariableinHexadecimalFormat\VariableinHexadecimalFormat.csproj", "{E58F4CE5-C096-488B-B7F2-473F2EEBB612}"
EndProject
Project("{FAE04EC0-301F-11D3-BF4B-00C04F79EFBC}") = "UnicodeCharacter", "UnicodeCharacter\UnicodeCharacter.csproj", "{A09C9091-B4AE-4B81-9555-77C6E8F58121}"
EndProject
Project("{FAE04EC0-301F-11D3-BF4B-00C04F79EFBC}") = "BankAccData", "BankAccData\BankAccData.csproj", "{1F83330C-183F-4BFD-9A5C-7F80D815E334}"
EndProject
Project("{FAE04EC0-301F-11D3-BF4B-00C04F79EFBC}") = "NullValuesArithmetic", "NullValuesArithmetic\NullValuesArithmetic.csproj", "{171BE07A-CBAE-4CA4-B315-DDB05CFC7D46}"
EndProject
Project("{FAE04EC0-301F-11D3-BF4B-00C04F79EFBC}") = "ComparingFloatingPoints", "ComparingFloatingPoints\ComparingFloatingPoints.csproj", "{DFEA0C44-42CC-4931-83FF-F17FCB5D70D2}"
EndProject
Project("{FAE04EC0-301F-11D3-BF4B-00C04F79EFBC}") = "PrinttheASCIITable", "PrinttheASCIITable\PrinttheASCIITable.csproj", "{852DEFF7-0143-456C-9E03-03B6B45A8350}"
EndProject
Project("{FAE04EC0-301F-11D3-BF4B-00C04F79EFBC}") = "Rectangles", "Rectangles\Rectangles.csproj", "{94B85637-6B4E-4764-B44D-2D674D7907CD}"
EndProject
Project("{FAE04EC0-301F-11D3-BF4B-00C04F79EFBC}") = "PointInACircle", "PointInACircle\PointInACircle.csproj", "{918944E7-C815-4ECE-80CF-2EE9F6EB9932}"
EndProject
Project("{FAE04EC0-301F-11D3-BF4B-00C04F79EFBC}") = "PrimeCheck", "PrimeCheck\PrimeCheck.csproj", "{03DA2940-B2CC-4362-91CB-2E96536BD3EA}"
EndProject
Project("{FAE04EC0-301F-11D3-BF4B-00C04F79EFBC}") = "Trapezoid", "Trapezoid\Trapezoid.csproj", "{E8EBF7F3-1A29-493A-AB05-149AE28B8402}"
EndProject
Project("{FAE04EC0-301F-11D3-BF4B-00C04F79EFBC}") = "PointCircleRectangle", "PointCircleRectangle\PointCircleRectangle.csproj", "{BF79FA82-8D60-482A-ADF2-ED21270684B1}"
EndProject
Project("{FAE04EC0-301F-11D3-BF4B-00C04F79EFBC}") = "Circle", "Circle\Circle.csproj", "{EA80DEE2-6E91-4E41-B263-92E5DC2D8CE1}"
EndProject
Project("{FAE04EC0-301F-11D3-BF4B-00C04F79EFBC}") = "FormatingNumbers", "FormatingNumbers\FormatingNumbers.csproj", "{EB7807D4-95C8-4A56-89EE-6018A0261E88}"
EndProject
Project("{FAE04EC0-301F-11D3-BF4B-00C04F79EFBC}") = "QuadraticEquation", "QuadraticEquation\QuadraticEquation.csproj", "{8F175993-BDEB-43B1-9787-E154E2250B15}"
EndProject
Project("{FAE04EC0-301F-11D3-BF4B-00C04F79EFBC}") = "SumOf5Nums", "SumOf5Nums\SumOf5Nums.csproj", "{945DCBF7-9CFF-4FD7-95F8-3E37393EEE82}"
EndProject
Project("{FAE04EC0-301F-11D3-BF4B-00C04F79EFBC}") = "SumOfnNumbers", "SumOfnNumbers\SumOfnNumbers.csproj", "{984F6A9D-ACC0-448D-918A-9F316031CB5F}"
EndProject
Project("{FAE04EC0-301F-11D3-BF4B-00C04F79EFBC}") = "FibonacciNumbers", "FibonacciNumbers\FibonacciNumbers.csproj", "{CF7DD946-2FC7-4E04-BB67-88F8310974ED}"
EndProject
Project("{FAE04EC0-301F-11D3-BF4B-00C04F79EFBC}") = "Interval", "Interval\Interval.csproj", "{8B162A95-2065-4931-9345-1556509D1D9E}"
EndProject
Project("{FAE04EC0-301F-11D3-BF4B-00C04F79EFBC}") = "SimpleGame", "SimpleGame\SimpleGame.csproj", "{FA2B5A1C-8E0C-44B4-A2B3-C70BF5EF30C8}"
EndProject
Project("{FAE04EC0-301F-11D3-BF4B-00C04F79EFBC}") = "EvolutionGame", "EvolutionGame\EvolutionGame.csproj", "{C6C1C7A7-6B41-4C14-A13E-12D4654B3A0B}"
EndProject
Project("{FAE04EC0-301F-11D3-BF4B-00C04F79EFBC}") = "BonusScore", "BonusScore\BonusScore.csproj", "{421525F1-59F3-485E-8D58-DFB931A30AF8}"
EndProject
Project("{FAE04EC0-301F-11D3-BF4B-00C04F79EFBC}") = "Playcard", "Playcard\Playcard.csproj", "{16EEF3C5-89BF-4A6E-AFD9-C19FCD6CD06A}"
EndProject
Project("{FAE04EC0-301F-11D3-BF4B-00C04F79EFBC}") = "MultiplicationSign", "MultiplicationSign\MultiplicationSign.csproj", "{DD9F661A-A621-4155-B197-D460F4193CFE}"
EndProject
Project("{FAE04EC0-301F-11D3-BF4B-00C04F79EFBC}") = "BiggestOfThree", "BiggestOfThree\BiggestOfThree.csproj", "{8A8881A0-4175-410A-9F63-30D285DC53B8}"
EndProject
Project("{FAE04EC0-301F-11D3-BF4B-00C04F79EFBC}") = "BiggestOfFive", "BiggestOfFive\BiggestOfFive.csproj", "{E12576F9-24CB-4AC2-AB64-4D2D2C5A202B}"
EndProject
Project("{FAE04EC0-301F-11D3-BF4B-00C04F79EFBC}") = "SortThreeNumbers", "SortThreeNumbers\SortThreeNumbers.csproj", "{ACCE33FD-43B9-4C04-935A-D8A60427460F}"
EndProject
Project("{FAE04EC0-301F-11D3-BF4B-00C04F79EFBC}") = "DigitAsWord", "DigitAsWord\DigitAsWord.csproj", "{865225AF-C05C-4F51-A8B6-ABF234FB98C6}"
EndProject
Project("{FAE04EC0-301F-11D3-BF4B-00C04F79EFBC}") = "FizzBuzz", "FizzBuzz\FizzBuzz.csproj", "{EFACB62F-78F9-4F2B-AC7A-AD15BC4301C9}"
EndProject
Project("{FAE04EC0-301F-11D3-BF4B-00C04F79EFBC}") = "IntDoubleString", "IntDoubleString\IntDoubleString.csproj", "{57CCCD08-C3D2-49ED-A773-9B0614A3B3E6}"
EndProject
Project("{FAE04EC0-301F-11D3-BF4B-00C04F79EFBC}") = "MinMaxSumAvg", "MinMaxSumAvg\MinMaxSumAvg.csproj", "{29568808-C519-493E-BF68-68DD56518E7F}"
EndProject
Project("{FAE04EC0-301F-11D3-BF4B-00C04F79EFBC}") = "PrintADeck", "PrintADeck\PrintADeck.csproj", "{622EEB38-80B8-4F7F-AE9A-2C7CE5D40DF0}"
EndProject
Project("{FAE04EC0-301F-11D3-BF4B-00C04F79EFBC}") = "Calculate", "Calculate\Calculate.csproj", "{FD5CF457-CC1D-4B80-90D8-11F2F0A15E30}"
EndProject
Project("{FAE04EC0-301F-11D3-BF4B-00C04F79EFBC}") = "MatrixOfNumbers", "CalculateAgain\MatrixOfNumbers.csproj", "{10FF6CAA-6E2A-4487-BC3E-42FEA60327AE}"
EndProject
Project("{FAE04EC0-301F-11D3-BF4B-00C04F79EFBC}") = "OddandEvenProduct", "OddandEvenProduct\OddandEvenProduct.csproj", "{2B32AAF3-4DB9-46B2-8D41-32903048BCFF}"
EndProject
Project("{FAE04EC0-301F-11D3-BF4B-00C04F79EFBC}") = "BinaryToDecimal", "BinaryToDecimal\BinaryToDecimal.csproj", "{416499CC-9A4F-4D49-A113-92E7E7E3443B}"
EndProject
Project("{FAE04EC0-301F-11D3-BF4B-00C04F79EFBC}") = "DecimalToBinary", "DecimalToBinary\DecimalToBinary.csproj", "{500B0FC6-36D6-4A65-9088-D5CEBC928396}"
EndProject
Project("{FAE04EC0-301F-11D3-BF4B-00C04F79EFBC}") = "DecimalToHex", "DecimalToHex\DecimalToHex.csproj", "{2CB4F029-E160-4CBE-B6BE-F23A7A397652}"
EndProject
Project("{FAE04EC0-301F-11D3-BF4B-00C04F79EFBC}") = "HexToDecimal", "HexToDecimal\HexToDecimal.csproj", "{455FFCE9-5FC3-430D-B064-DD284719CA93}"
EndProject
Project("{FAE04EC0-301F-11D3-BF4B-00C04F79EFBC}") = "GCD", "GCD\GCD.csproj", "{1C8A603A-934E-4126-B611-D163112197D4}"
EndProject
Project("{FAE04EC0-301F-11D3-BF4B-00C04F79EFBC}") = "AllocateArray", "AllocateArray\AllocateArray.csproj", "{A471E2E6-A781-490E-B3CC-78870457F96C}"
EndProject
Project("{FAE04EC0-301F-11D3-BF4B-00C04F79EFBC}") = "ComapreArrays", "ComapreArrays\ComapreArrays.csproj", "{90E73846-3ADB-4CEC-94C4-A3E9831E7FDB}"
EndProject
Project("{FAE04EC0-301F-11D3-BF4B-00C04F79EFBC}") = "CompareCharArrays", "CompareCharArrays\CompareCharArrays.csproj", "{B0FAA2A3-59BC-4305-AE5A-9F1232C43295}"
EndProject
Project("{FAE04EC0-301F-11D3-BF4B-00C04F79EFBC}") = "MaximalSequence", "MaximalSequence\MaximalSequence.csproj", "{0EB55586-0B9E-425C-8226-82F707783AC9}"
EndProject
Project("{FAE04EC0-301F-11D3-BF4B-00C04F79EFBC}") = "BIggestIncreasingSeq", "BIggestIncreasingSeq\BIggestIncreasingSeq.csproj", "{D2A3F76E-6E6E-413D-9AC4-307C9EF1ACC4}"
EndProject
Project("{FAE04EC0-301F-11D3-BF4B-00C04F79EFBC}") = "MaximalKSum", "MaximalKSum\MaximalKSum.csproj", "{75899B14-1394-406F-A39B-44AEA123F4E4}"
EndProject
Project("{FAE04EC0-301F-11D3-BF4B-00C04F79EFBC}") = "SelectionSort", "SelectionSort\SelectionSort.csproj", "{AEBAE399-3C8E-4DA4-993E-81F5C91F6235}"
EndProject
Project("{FAE04EC0-301F-11D3-BF4B-00C04F79EFBC}") = "MaximalSum", "MaximalSum\MaximalSum.csproj", "{B3B0A78F-068A-49A1-B88E-8727308A5C11}"
EndProject
Project("{FAE04EC0-301F-11D3-BF4B-00C04F79EFBC}") = "MostFrequentNumber", "MostFrequentNumber\MostFrequentNumber.csproj", "{3A9612FC-9779-45B1-B5B2-E6503B35F666}"
EndProject
Project("{FAE04EC0-301F-11D3-BF4B-00C04F79EFBC}") = "BinarySearch", "BinarySearch\BinarySearch.csproj", "{1D2F6C65-190C-4C58-9F1A-91FAF69EC17C}"
EndProject
Project("{FAE04EC0-301F-11D3-BF4B-00C04F79EFBC}") = "IndexOfLetters", "IndexOfLetters\IndexOfLetters.csproj", "{C87CDD6C-A0B1-460C-9194-CE6BB9913BE1}"
EndProject
Project("{FAE04EC0-301F-11D3-BF4B-00C04F79EFBC}") = "ReverseArray", "ReverseArray\ReverseArray.csproj", "{0C4805DC-2D8A-4B43-8343-6CEFA41FCAD6}"
EndProject
Project("{FAE04EC0-301F-11D3-BF4B-00C04F79EFBC}") = "FindSumInArray", "FindSumInArray\FindSumInArray.csproj", "{40AA546E-33D1-4500-B6DB-93DD4F4045A4}"
EndProject
Project("{FAE04EC0-301F-11D3-BF4B-00C04F79EFBC}") = "BirdsAndFeathers", "BirdsAndFeathers\BirdsAndFeathers.csproj", "{E4B71C16-61A9-407C-B24F-6822C2ABCCF2}"
EndProject
Project("{FAE04EC0-301F-11D3-BF4B-00C04F79EFBC}") = "FrequentNumber", "FrequentNumber\FrequentNumber.csproj", "{69D76D97-AC79-4581-B4E7-E053909681F6}"
EndProject
Project("{FAE04EC0-301F-11D3-BF4B-00C04F79EFBC}") = "OddOrEvenIsBigger", "OddOrEvenIsBigger\OddOrEvenIsBigger.csproj", "{80402072-4B27-4ECE-98E7-D6F28FB4E4D8}"
EndProject
Project("{FAE04EC0-301F-11D3-BF4B-00C04F79EFBC}") = "Demo", "Demo\Demo.csproj", "{B773B052-0CE4-4A17-AB0F-EB3368543129}"
EndProject
Project("{FAE04EC0-301F-11D3-BF4B-00C04F79EFBC}") = "TextInput", "TextInput\TextInput.csproj", "{81B8F5F5-69D0-4541-A8C1-0C4177957C16}"
EndProject
Project("{FAE04EC0-301F-11D3-BF4B-00C04F79EFBC}") = "BinarySearchMethod", "BinarySearchMethod\BinarySearchMethod.csproj", "{AA6B35EE-C978-4601-A14A-2EC740591418}"
EndProject
Project("{FAE04EC0-301F-11D3-BF4B-00C04F79EFBC}") = "FillTheMatrix", "FillTheMatrix\FillTheMatrix.csproj", "{E1BA76A5-4AEF-4256-B771-BFA7FE36E06A}"
EndProject
Project("{FAE04EC0-301F-11D3-BF4B-00C04F79EFBC}") = "DateDifference", "SimpleCode\DateDifference.csproj", "{25CA46DF-B320-44CE-82BD-20D667122657}"
EndProject
Project("{FAE04EC0-301F-11D3-BF4B-00C04F79EFBC}") = "SortByStringLength", "SortByStringLength\SortByStringLength.csproj", "{36B3E9FE-F048-44C2-ADD8-CB72F1BEBDD1}"
EndProject
Project("{FAE04EC0-301F-11D3-BF4B-00C04F79EFBC}") = "SayHello", "SayHello\SayHello.csproj", "{9EF4EFF8-95AC-4C8D-BA77-B57D75B0CF7D}"
EndProject
Project("{FAE04EC0-301F-11D3-BF4B-00C04F79EFBC}") = "GetLargestNumber", "GetLargestNumber\GetLargestNumber.csproj", "{CDBA912D-DD85-48A4-AC64-EEB128BB2313}"
EndProject
Project("{FAE04EC0-301F-11D3-BF4B-00C04F79EFBC}") = "EnglishDigit", "EnglishDigit\EnglishDigit.csproj", "{FD20631E-1533-4E7E-87CE-EA3905359BB8}"
EndProject
Project("{FAE04EC0-301F-11D3-BF4B-00C04F79EFBC}") = "AppearanceCount", "AppearanceCount\AppearanceCount.csproj", "{94BA374D-5675-47AD-9E6A-7ECCF690C552}"
EndProject
Project("{FAE04EC0-301F-11D3-BF4B-00C04F79EFBC}") = "LargerThanNeighbours", "LargerThanNeighbours\LargerThanNeighbours.csproj", "{72CCD2CE-3CEA-4D7C-8E30-6F2DF781DCE4}"
EndProject
Global
	GlobalSection(SolutionConfigurationPlatforms) = preSolution
		Debug|Any CPU = Debug|Any CPU
		Release|Any CPU = Release|Any CPU
	EndGlobalSection
	GlobalSection(ProjectConfigurationPlatforms) = postSolution
		{B3D5D948-81F3-4F34-8D47-100E4F85A046}.Debug|Any CPU.ActiveCfg = Debug|Any CPU
		{B3D5D948-81F3-4F34-8D47-100E4F85A046}.Debug|Any CPU.Build.0 = Debug|Any CPU
		{B3D5D948-81F3-4F34-8D47-100E4F85A046}.Release|Any CPU.ActiveCfg = Release|Any CPU
		{B3D5D948-81F3-4F34-8D47-100E4F85A046}.Release|Any CPU.Build.0 = Release|Any CPU
		{4C34A896-2303-4F6E-A1AD-971B31C639CF}.Debug|Any CPU.ActiveCfg = Debug|Any CPU
		{4C34A896-2303-4F6E-A1AD-971B31C639CF}.Debug|Any CPU.Build.0 = Debug|Any CPU
		{4C34A896-2303-4F6E-A1AD-971B31C639CF}.Release|Any CPU.ActiveCfg = Release|Any CPU
		{4C34A896-2303-4F6E-A1AD-971B31C639CF}.Release|Any CPU.Build.0 = Release|Any CPU
		{164BFF1E-94D4-412D-85D8-14CD9FCE9785}.Debug|Any CPU.ActiveCfg = Debug|Any CPU
		{164BFF1E-94D4-412D-85D8-14CD9FCE9785}.Debug|Any CPU.Build.0 = Debug|Any CPU
		{164BFF1E-94D4-412D-85D8-14CD9FCE9785}.Release|Any CPU.ActiveCfg = Release|Any CPU
		{164BFF1E-94D4-412D-85D8-14CD9FCE9785}.Release|Any CPU.Build.0 = Release|Any CPU
		{B0C65E19-4FFB-4238-81D7-7C10F8E98F5A}.Debug|Any CPU.ActiveCfg = Debug|Any CPU
		{B0C65E19-4FFB-4238-81D7-7C10F8E98F5A}.Debug|Any CPU.Build.0 = Debug|Any CPU
		{B0C65E19-4FFB-4238-81D7-7C10F8E98F5A}.Release|Any CPU.ActiveCfg = Release|Any CPU
		{B0C65E19-4FFB-4238-81D7-7C10F8E98F5A}.Release|Any CPU.Build.0 = Release|Any CPU
		{55F01C19-0BD9-46C4-96CB-B894883A2A25}.Debug|Any CPU.ActiveCfg = Debug|Any CPU
		{55F01C19-0BD9-46C4-96CB-B894883A2A25}.Debug|Any CPU.Build.0 = Debug|Any CPU
		{55F01C19-0BD9-46C4-96CB-B894883A2A25}.Release|Any CPU.ActiveCfg = Release|Any CPU
		{55F01C19-0BD9-46C4-96CB-B894883A2A25}.Release|Any CPU.Build.0 = Release|Any CPU
		{D27DB717-D18C-4680-A070-874F18797438}.Debug|Any CPU.ActiveCfg = Debug|Any CPU
		{D27DB717-D18C-4680-A070-874F18797438}.Debug|Any CPU.Build.0 = Debug|Any CPU
		{D27DB717-D18C-4680-A070-874F18797438}.Release|Any CPU.ActiveCfg = Release|Any CPU
		{D27DB717-D18C-4680-A070-874F18797438}.Release|Any CPU.Build.0 = Release|Any CPU
		{59BB82DD-5F44-45D1-AAE6-A42E742BB55A}.Debug|Any CPU.ActiveCfg = Debug|Any CPU
		{59BB82DD-5F44-45D1-AAE6-A42E742BB55A}.Debug|Any CPU.Build.0 = Debug|Any CPU
		{59BB82DD-5F44-45D1-AAE6-A42E742BB55A}.Release|Any CPU.ActiveCfg = Release|Any CPU
		{59BB82DD-5F44-45D1-AAE6-A42E742BB55A}.Release|Any CPU.Build.0 = Release|Any CPU
		{BCCDDBE4-44BF-43B2-BF7A-81F8E1DC8773}.Debug|Any CPU.ActiveCfg = Debug|Any CPU
		{BCCDDBE4-44BF-43B2-BF7A-81F8E1DC8773}.Debug|Any CPU.Build.0 = Debug|Any CPU
		{BCCDDBE4-44BF-43B2-BF7A-81F8E1DC8773}.Release|Any CPU.ActiveCfg = Release|Any CPU
		{BCCDDBE4-44BF-43B2-BF7A-81F8E1DC8773}.Release|Any CPU.Build.0 = Release|Any CPU
		{B7A5DBAC-92B0-4ADA-B0EB-F997D1AAB60F}.Debug|Any CPU.ActiveCfg = Debug|Any CPU
		{B7A5DBAC-92B0-4ADA-B0EB-F997D1AAB60F}.Debug|Any CPU.Build.0 = Debug|Any CPU
		{B7A5DBAC-92B0-4ADA-B0EB-F997D1AAB60F}.Release|Any CPU.ActiveCfg = Release|Any CPU
		{B7A5DBAC-92B0-4ADA-B0EB-F997D1AAB60F}.Release|Any CPU.Build.0 = Release|Any CPU
		{0893B630-773B-41E7-B473-CC1B4ABFBF68}.Debug|Any CPU.ActiveCfg = Debug|Any CPU
		{0893B630-773B-41E7-B473-CC1B4ABFBF68}.Debug|Any CPU.Build.0 = Debug|Any CPU
		{0893B630-773B-41E7-B473-CC1B4ABFBF68}.Release|Any CPU.ActiveCfg = Release|Any CPU
		{0893B630-773B-41E7-B473-CC1B4ABFBF68}.Release|Any CPU.Build.0 = Release|Any CPU
		{66F92298-FC91-41F0-AE6E-72D7A8A4B0F9}.Debug|Any CPU.ActiveCfg = Debug|Any CPU
		{66F92298-FC91-41F0-AE6E-72D7A8A4B0F9}.Debug|Any CPU.Build.0 = Debug|Any CPU
		{66F92298-FC91-41F0-AE6E-72D7A8A4B0F9}.Release|Any CPU.ActiveCfg = Release|Any CPU
		{66F92298-FC91-41F0-AE6E-72D7A8A4B0F9}.Release|Any CPU.Build.0 = Release|Any CPU
		{C54BDC07-A9A8-4ACA-9B94-6142722517C6}.Debug|Any CPU.ActiveCfg = Debug|Any CPU
		{C54BDC07-A9A8-4ACA-9B94-6142722517C6}.Debug|Any CPU.Build.0 = Debug|Any CPU
		{C54BDC07-A9A8-4ACA-9B94-6142722517C6}.Release|Any CPU.ActiveCfg = Release|Any CPU
		{C54BDC07-A9A8-4ACA-9B94-6142722517C6}.Release|Any CPU.Build.0 = Release|Any CPU
		{4DDA7912-B769-4A52-AB7D-7F750434916F}.Debug|Any CPU.ActiveCfg = Debug|Any CPU
		{4DDA7912-B769-4A52-AB7D-7F750434916F}.Debug|Any CPU.Build.0 = Debug|Any CPU
		{4DDA7912-B769-4A52-AB7D-7F750434916F}.Release|Any CPU.ActiveCfg = Release|Any CPU
		{4DDA7912-B769-4A52-AB7D-7F750434916F}.Release|Any CPU.Build.0 = Release|Any CPU
		{A966B3EE-6AF7-4EC1-A11D-BB71CE7F3341}.Debug|Any CPU.ActiveCfg = Debug|Any CPU
		{A966B3EE-6AF7-4EC1-A11D-BB71CE7F3341}.Debug|Any CPU.Build.0 = Debug|Any CPU
		{A966B3EE-6AF7-4EC1-A11D-BB71CE7F3341}.Release|Any CPU.ActiveCfg = Release|Any CPU
		{A966B3EE-6AF7-4EC1-A11D-BB71CE7F3341}.Release|Any CPU.Build.0 = Release|Any CPU
		{D902084A-64D5-4F8B-99D8-8D39345FA4BA}.Debug|Any CPU.ActiveCfg = Debug|Any CPU
		{D902084A-64D5-4F8B-99D8-8D39345FA4BA}.Debug|Any CPU.Build.0 = Debug|Any CPU
		{D902084A-64D5-4F8B-99D8-8D39345FA4BA}.Release|Any CPU.ActiveCfg = Release|Any CPU
		{D902084A-64D5-4F8B-99D8-8D39345FA4BA}.Release|Any CPU.Build.0 = Release|Any CPU
		{F968885B-7FED-40CC-8BE8-6E05CDF8494F}.Debug|Any CPU.ActiveCfg = Debug|Any CPU
		{F968885B-7FED-40CC-8BE8-6E05CDF8494F}.Debug|Any CPU.Build.0 = Debug|Any CPU
		{F968885B-7FED-40CC-8BE8-6E05CDF8494F}.Release|Any CPU.ActiveCfg = Release|Any CPU
		{F968885B-7FED-40CC-8BE8-6E05CDF8494F}.Release|Any CPU.Build.0 = Release|Any CPU
		{406CF7BE-EFC6-4B6F-9653-62B0E3488E9A}.Debug|Any CPU.ActiveCfg = Debug|Any CPU
		{406CF7BE-EFC6-4B6F-9653-62B0E3488E9A}.Debug|Any CPU.Build.0 = Debug|Any CPU
		{406CF7BE-EFC6-4B6F-9653-62B0E3488E9A}.Release|Any CPU.ActiveCfg = Release|Any CPU
		{406CF7BE-EFC6-4B6F-9653-62B0E3488E9A}.Release|Any CPU.Build.0 = Release|Any CPU
		{C94EE4D5-34AA-496B-A4A3-0AC9623D21E3}.Debug|Any CPU.ActiveCfg = Debug|Any CPU
		{C94EE4D5-34AA-496B-A4A3-0AC9623D21E3}.Debug|Any CPU.Build.0 = Debug|Any CPU
		{C94EE4D5-34AA-496B-A4A3-0AC9623D21E3}.Release|Any CPU.ActiveCfg = Release|Any CPU
		{C94EE4D5-34AA-496B-A4A3-0AC9623D21E3}.Release|Any CPU.Build.0 = Release|Any CPU
		{601811BD-33FD-40B0-A6A2-DA409F07EC21}.Debug|Any CPU.ActiveCfg = Debug|Any CPU
		{601811BD-33FD-40B0-A6A2-DA409F07EC21}.Debug|Any CPU.Build.0 = Debug|Any CPU
		{601811BD-33FD-40B0-A6A2-DA409F07EC21}.Release|Any CPU.ActiveCfg = Release|Any CPU
		{601811BD-33FD-40B0-A6A2-DA409F07EC21}.Release|Any CPU.Build.0 = Release|Any CPU
		{FC4F5ACD-02AF-4B3F-97BC-C653A28B9D16}.Debug|Any CPU.ActiveCfg = Debug|Any CPU
		{FC4F5ACD-02AF-4B3F-97BC-C653A28B9D16}.Debug|Any CPU.Build.0 = Debug|Any CPU
		{FC4F5ACD-02AF-4B3F-97BC-C653A28B9D16}.Release|Any CPU.ActiveCfg = Release|Any CPU
		{FC4F5ACD-02AF-4B3F-97BC-C653A28B9D16}.Release|Any CPU.Build.0 = Release|Any CPU
		{5235C0BA-198C-4B51-B811-0E712830A913}.Debug|Any CPU.ActiveCfg = Debug|Any CPU
		{5235C0BA-198C-4B51-B811-0E712830A913}.Debug|Any CPU.Build.0 = Debug|Any CPU
		{5235C0BA-198C-4B51-B811-0E712830A913}.Release|Any CPU.ActiveCfg = Release|Any CPU
		{5235C0BA-198C-4B51-B811-0E712830A913}.Release|Any CPU.Build.0 = Release|Any CPU
		{337848F2-9649-45C0-8A25-57F0FCCE6D0D}.Debug|Any CPU.ActiveCfg = Debug|Any CPU
		{337848F2-9649-45C0-8A25-57F0FCCE6D0D}.Debug|Any CPU.Build.0 = Debug|Any CPU
		{337848F2-9649-45C0-8A25-57F0FCCE6D0D}.Release|Any CPU.ActiveCfg = Release|Any CPU
		{337848F2-9649-45C0-8A25-57F0FCCE6D0D}.Release|Any CPU.Build.0 = Release|Any CPU
		{6F8419CC-06B2-4816-A43D-F1D47F5ED322}.Debug|Any CPU.ActiveCfg = Debug|Any CPU
		{6F8419CC-06B2-4816-A43D-F1D47F5ED322}.Debug|Any CPU.Build.0 = Debug|Any CPU
		{6F8419CC-06B2-4816-A43D-F1D47F5ED322}.Release|Any CPU.ActiveCfg = Release|Any CPU
		{6F8419CC-06B2-4816-A43D-F1D47F5ED322}.Release|Any CPU.Build.0 = Release|Any CPU
		{E58F4CE5-C096-488B-B7F2-473F2EEBB612}.Debug|Any CPU.ActiveCfg = Debug|Any CPU
		{E58F4CE5-C096-488B-B7F2-473F2EEBB612}.Debug|Any CPU.Build.0 = Debug|Any CPU
		{E58F4CE5-C096-488B-B7F2-473F2EEBB612}.Release|Any CPU.ActiveCfg = Release|Any CPU
		{E58F4CE5-C096-488B-B7F2-473F2EEBB612}.Release|Any CPU.Build.0 = Release|Any CPU
		{A09C9091-B4AE-4B81-9555-77C6E8F58121}.Debug|Any CPU.ActiveCfg = Debug|Any CPU
		{A09C9091-B4AE-4B81-9555-77C6E8F58121}.Debug|Any CPU.Build.0 = Debug|Any CPU
		{A09C9091-B4AE-4B81-9555-77C6E8F58121}.Release|Any CPU.ActiveCfg = Release|Any CPU
		{A09C9091-B4AE-4B81-9555-77C6E8F58121}.Release|Any CPU.Build.0 = Release|Any CPU
		{1F83330C-183F-4BFD-9A5C-7F80D815E334}.Debug|Any CPU.ActiveCfg = Debug|Any CPU
		{1F83330C-183F-4BFD-9A5C-7F80D815E334}.Debug|Any CPU.Build.0 = Debug|Any CPU
		{1F83330C-183F-4BFD-9A5C-7F80D815E334}.Release|Any CPU.ActiveCfg = Release|Any CPU
		{1F83330C-183F-4BFD-9A5C-7F80D815E334}.Release|Any CPU.Build.0 = Release|Any CPU
		{171BE07A-CBAE-4CA4-B315-DDB05CFC7D46}.Debug|Any CPU.ActiveCfg = Debug|Any CPU
		{171BE07A-CBAE-4CA4-B315-DDB05CFC7D46}.Debug|Any CPU.Build.0 = Debug|Any CPU
		{171BE07A-CBAE-4CA4-B315-DDB05CFC7D46}.Release|Any CPU.ActiveCfg = Release|Any CPU
		{171BE07A-CBAE-4CA4-B315-DDB05CFC7D46}.Release|Any CPU.Build.0 = Release|Any CPU
		{DFEA0C44-42CC-4931-83FF-F17FCB5D70D2}.Debug|Any CPU.ActiveCfg = Debug|Any CPU
		{DFEA0C44-42CC-4931-83FF-F17FCB5D70D2}.Debug|Any CPU.Build.0 = Debug|Any CPU
		{DFEA0C44-42CC-4931-83FF-F17FCB5D70D2}.Release|Any CPU.ActiveCfg = Release|Any CPU
		{DFEA0C44-42CC-4931-83FF-F17FCB5D70D2}.Release|Any CPU.Build.0 = Release|Any CPU
		{852DEFF7-0143-456C-9E03-03B6B45A8350}.Debug|Any CPU.ActiveCfg = Debug|Any CPU
		{852DEFF7-0143-456C-9E03-03B6B45A8350}.Debug|Any CPU.Build.0 = Debug|Any CPU
		{852DEFF7-0143-456C-9E03-03B6B45A8350}.Release|Any CPU.ActiveCfg = Release|Any CPU
		{852DEFF7-0143-456C-9E03-03B6B45A8350}.Release|Any CPU.Build.0 = Release|Any CPU
		{94B85637-6B4E-4764-B44D-2D674D7907CD}.Debug|Any CPU.ActiveCfg = Debug|Any CPU
		{94B85637-6B4E-4764-B44D-2D674D7907CD}.Debug|Any CPU.Build.0 = Debug|Any CPU
		{94B85637-6B4E-4764-B44D-2D674D7907CD}.Release|Any CPU.ActiveCfg = Release|Any CPU
		{94B85637-6B4E-4764-B44D-2D674D7907CD}.Release|Any CPU.Build.0 = Release|Any CPU
		{918944E7-C815-4ECE-80CF-2EE9F6EB9932}.Debug|Any CPU.ActiveCfg = Debug|Any CPU
		{918944E7-C815-4ECE-80CF-2EE9F6EB9932}.Debug|Any CPU.Build.0 = Debug|Any CPU
		{918944E7-C815-4ECE-80CF-2EE9F6EB9932}.Release|Any CPU.ActiveCfg = Release|Any CPU
		{918944E7-C815-4ECE-80CF-2EE9F6EB9932}.Release|Any CPU.Build.0 = Release|Any CPU
		{03DA2940-B2CC-4362-91CB-2E96536BD3EA}.Debug|Any CPU.ActiveCfg = Debug|Any CPU
		{03DA2940-B2CC-4362-91CB-2E96536BD3EA}.Debug|Any CPU.Build.0 = Debug|Any CPU
		{03DA2940-B2CC-4362-91CB-2E96536BD3EA}.Release|Any CPU.ActiveCfg = Release|Any CPU
		{03DA2940-B2CC-4362-91CB-2E96536BD3EA}.Release|Any CPU.Build.0 = Release|Any CPU
		{E8EBF7F3-1A29-493A-AB05-149AE28B8402}.Debug|Any CPU.ActiveCfg = Debug|Any CPU
		{E8EBF7F3-1A29-493A-AB05-149AE28B8402}.Debug|Any CPU.Build.0 = Debug|Any CPU
		{E8EBF7F3-1A29-493A-AB05-149AE28B8402}.Release|Any CPU.ActiveCfg = Release|Any CPU
		{E8EBF7F3-1A29-493A-AB05-149AE28B8402}.Release|Any CPU.Build.0 = Release|Any CPU
		{BF79FA82-8D60-482A-ADF2-ED21270684B1}.Debug|Any CPU.ActiveCfg = Debug|Any CPU
		{BF79FA82-8D60-482A-ADF2-ED21270684B1}.Debug|Any CPU.Build.0 = Debug|Any CPU
		{BF79FA82-8D60-482A-ADF2-ED21270684B1}.Release|Any CPU.ActiveCfg = Release|Any CPU
		{BF79FA82-8D60-482A-ADF2-ED21270684B1}.Release|Any CPU.Build.0 = Release|Any CPU
		{EA80DEE2-6E91-4E41-B263-92E5DC2D8CE1}.Debug|Any CPU.ActiveCfg = Debug|Any CPU
		{EA80DEE2-6E91-4E41-B263-92E5DC2D8CE1}.Debug|Any CPU.Build.0 = Debug|Any CPU
		{EA80DEE2-6E91-4E41-B263-92E5DC2D8CE1}.Release|Any CPU.ActiveCfg = Release|Any CPU
		{EA80DEE2-6E91-4E41-B263-92E5DC2D8CE1}.Release|Any CPU.Build.0 = Release|Any CPU
		{EB7807D4-95C8-4A56-89EE-6018A0261E88}.Debug|Any CPU.ActiveCfg = Debug|Any CPU
		{EB7807D4-95C8-4A56-89EE-6018A0261E88}.Debug|Any CPU.Build.0 = Debug|Any CPU
		{EB7807D4-95C8-4A56-89EE-6018A0261E88}.Release|Any CPU.ActiveCfg = Release|Any CPU
		{EB7807D4-95C8-4A56-89EE-6018A0261E88}.Release|Any CPU.Build.0 = Release|Any CPU
		{8F175993-BDEB-43B1-9787-E154E2250B15}.Debug|Any CPU.ActiveCfg = Debug|Any CPU
		{8F175993-BDEB-43B1-9787-E154E2250B15}.Debug|Any CPU.Build.0 = Debug|Any CPU
		{8F175993-BDEB-43B1-9787-E154E2250B15}.Release|Any CPU.ActiveCfg = Release|Any CPU
		{8F175993-BDEB-43B1-9787-E154E2250B15}.Release|Any CPU.Build.0 = Release|Any CPU
		{945DCBF7-9CFF-4FD7-95F8-3E37393EEE82}.Debug|Any CPU.ActiveCfg = Debug|Any CPU
		{945DCBF7-9CFF-4FD7-95F8-3E37393EEE82}.Debug|Any CPU.Build.0 = Debug|Any CPU
		{945DCBF7-9CFF-4FD7-95F8-3E37393EEE82}.Release|Any CPU.ActiveCfg = Release|Any CPU
		{945DCBF7-9CFF-4FD7-95F8-3E37393EEE82}.Release|Any CPU.Build.0 = Release|Any CPU
		{984F6A9D-ACC0-448D-918A-9F316031CB5F}.Debug|Any CPU.ActiveCfg = Debug|Any CPU
		{984F6A9D-ACC0-448D-918A-9F316031CB5F}.Debug|Any CPU.Build.0 = Debug|Any CPU
		{984F6A9D-ACC0-448D-918A-9F316031CB5F}.Release|Any CPU.ActiveCfg = Release|Any CPU
		{984F6A9D-ACC0-448D-918A-9F316031CB5F}.Release|Any CPU.Build.0 = Release|Any CPU
		{CF7DD946-2FC7-4E04-BB67-88F8310974ED}.Debug|Any CPU.ActiveCfg = Debug|Any CPU
		{CF7DD946-2FC7-4E04-BB67-88F8310974ED}.Debug|Any CPU.Build.0 = Debug|Any CPU
		{CF7DD946-2FC7-4E04-BB67-88F8310974ED}.Release|Any CPU.ActiveCfg = Release|Any CPU
		{CF7DD946-2FC7-4E04-BB67-88F8310974ED}.Release|Any CPU.Build.0 = Release|Any CPU
		{8B162A95-2065-4931-9345-1556509D1D9E}.Debug|Any CPU.ActiveCfg = Debug|Any CPU
		{8B162A95-2065-4931-9345-1556509D1D9E}.Debug|Any CPU.Build.0 = Debug|Any CPU
		{8B162A95-2065-4931-9345-1556509D1D9E}.Release|Any CPU.ActiveCfg = Release|Any CPU
		{8B162A95-2065-4931-9345-1556509D1D9E}.Release|Any CPU.Build.0 = Release|Any CPU
		{FA2B5A1C-8E0C-44B4-A2B3-C70BF5EF30C8}.Debug|Any CPU.ActiveCfg = Debug|Any CPU
		{FA2B5A1C-8E0C-44B4-A2B3-C70BF5EF30C8}.Debug|Any CPU.Build.0 = Debug|Any CPU
		{FA2B5A1C-8E0C-44B4-A2B3-C70BF5EF30C8}.Release|Any CPU.ActiveCfg = Release|Any CPU
		{FA2B5A1C-8E0C-44B4-A2B3-C70BF5EF30C8}.Release|Any CPU.Build.0 = Release|Any CPU
		{C6C1C7A7-6B41-4C14-A13E-12D4654B3A0B}.Debug|Any CPU.ActiveCfg = Debug|Any CPU
		{C6C1C7A7-6B41-4C14-A13E-12D4654B3A0B}.Debug|Any CPU.Build.0 = Debug|Any CPU
		{C6C1C7A7-6B41-4C14-A13E-12D4654B3A0B}.Release|Any CPU.ActiveCfg = Release|Any CPU
		{C6C1C7A7-6B41-4C14-A13E-12D4654B3A0B}.Release|Any CPU.Build.0 = Release|Any CPU
		{421525F1-59F3-485E-8D58-DFB931A30AF8}.Debug|Any CPU.ActiveCfg = Debug|Any CPU
		{421525F1-59F3-485E-8D58-DFB931A30AF8}.Debug|Any CPU.Build.0 = Debug|Any CPU
		{421525F1-59F3-485E-8D58-DFB931A30AF8}.Release|Any CPU.ActiveCfg = Release|Any CPU
		{421525F1-59F3-485E-8D58-DFB931A30AF8}.Release|Any CPU.Build.0 = Release|Any CPU
		{16EEF3C5-89BF-4A6E-AFD9-C19FCD6CD06A}.Debug|Any CPU.ActiveCfg = Debug|Any CPU
		{16EEF3C5-89BF-4A6E-AFD9-C19FCD6CD06A}.Debug|Any CPU.Build.0 = Debug|Any CPU
		{16EEF3C5-89BF-4A6E-AFD9-C19FCD6CD06A}.Release|Any CPU.ActiveCfg = Release|Any CPU
		{16EEF3C5-89BF-4A6E-AFD9-C19FCD6CD06A}.Release|Any CPU.Build.0 = Release|Any CPU
		{DD9F661A-A621-4155-B197-D460F4193CFE}.Debug|Any CPU.ActiveCfg = Debug|Any CPU
		{DD9F661A-A621-4155-B197-D460F4193CFE}.Debug|Any CPU.Build.0 = Debug|Any CPU
		{DD9F661A-A621-4155-B197-D460F4193CFE}.Release|Any CPU.ActiveCfg = Release|Any CPU
		{DD9F661A-A621-4155-B197-D460F4193CFE}.Release|Any CPU.Build.0 = Release|Any CPU
		{8A8881A0-4175-410A-9F63-30D285DC53B8}.Debug|Any CPU.ActiveCfg = Debug|Any CPU
		{8A8881A0-4175-410A-9F63-30D285DC53B8}.Debug|Any CPU.Build.0 = Debug|Any CPU
		{8A8881A0-4175-410A-9F63-30D285DC53B8}.Release|Any CPU.ActiveCfg = Release|Any CPU
		{8A8881A0-4175-410A-9F63-30D285DC53B8}.Release|Any CPU.Build.0 = Release|Any CPU
		{E12576F9-24CB-4AC2-AB64-4D2D2C5A202B}.Debug|Any CPU.ActiveCfg = Debug|Any CPU
		{E12576F9-24CB-4AC2-AB64-4D2D2C5A202B}.Debug|Any CPU.Build.0 = Debug|Any CPU
		{E12576F9-24CB-4AC2-AB64-4D2D2C5A202B}.Release|Any CPU.ActiveCfg = Release|Any CPU
		{E12576F9-24CB-4AC2-AB64-4D2D2C5A202B}.Release|Any CPU.Build.0 = Release|Any CPU
		{ACCE33FD-43B9-4C04-935A-D8A60427460F}.Debug|Any CPU.ActiveCfg = Debug|Any CPU
		{ACCE33FD-43B9-4C04-935A-D8A60427460F}.Debug|Any CPU.Build.0 = Debug|Any CPU
		{ACCE33FD-43B9-4C04-935A-D8A60427460F}.Release|Any CPU.ActiveCfg = Release|Any CPU
		{ACCE33FD-43B9-4C04-935A-D8A60427460F}.Release|Any CPU.Build.0 = Release|Any CPU
		{865225AF-C05C-4F51-A8B6-ABF234FB98C6}.Debug|Any CPU.ActiveCfg = Debug|Any CPU
		{865225AF-C05C-4F51-A8B6-ABF234FB98C6}.Debug|Any CPU.Build.0 = Debug|Any CPU
		{865225AF-C05C-4F51-A8B6-ABF234FB98C6}.Release|Any CPU.ActiveCfg = Release|Any CPU
		{865225AF-C05C-4F51-A8B6-ABF234FB98C6}.Release|Any CPU.Build.0 = Release|Any CPU
		{EFACB62F-78F9-4F2B-AC7A-AD15BC4301C9}.Debug|Any CPU.ActiveCfg = Debug|Any CPU
		{EFACB62F-78F9-4F2B-AC7A-AD15BC4301C9}.Debug|Any CPU.Build.0 = Debug|Any CPU
		{EFACB62F-78F9-4F2B-AC7A-AD15BC4301C9}.Release|Any CPU.ActiveCfg = Release|Any CPU
		{EFACB62F-78F9-4F2B-AC7A-AD15BC4301C9}.Release|Any CPU.Build.0 = Release|Any CPU
		{57CCCD08-C3D2-49ED-A773-9B0614A3B3E6}.Debug|Any CPU.ActiveCfg = Debug|Any CPU
		{57CCCD08-C3D2-49ED-A773-9B0614A3B3E6}.Debug|Any CPU.Build.0 = Debug|Any CPU
		{57CCCD08-C3D2-49ED-A773-9B0614A3B3E6}.Release|Any CPU.ActiveCfg = Release|Any CPU
		{57CCCD08-C3D2-49ED-A773-9B0614A3B3E6}.Release|Any CPU.Build.0 = Release|Any CPU
		{29568808-C519-493E-BF68-68DD56518E7F}.Debug|Any CPU.ActiveCfg = Debug|Any CPU
		{29568808-C519-493E-BF68-68DD56518E7F}.Debug|Any CPU.Build.0 = Debug|Any CPU
		{29568808-C519-493E-BF68-68DD56518E7F}.Release|Any CPU.ActiveCfg = Release|Any CPU
		{29568808-C519-493E-BF68-68DD56518E7F}.Release|Any CPU.Build.0 = Release|Any CPU
		{622EEB38-80B8-4F7F-AE9A-2C7CE5D40DF0}.Debug|Any CPU.ActiveCfg = Debug|Any CPU
		{622EEB38-80B8-4F7F-AE9A-2C7CE5D40DF0}.Debug|Any CPU.Build.0 = Debug|Any CPU
		{622EEB38-80B8-4F7F-AE9A-2C7CE5D40DF0}.Release|Any CPU.ActiveCfg = Release|Any CPU
		{622EEB38-80B8-4F7F-AE9A-2C7CE5D40DF0}.Release|Any CPU.Build.0 = Release|Any CPU
		{FD5CF457-CC1D-4B80-90D8-11F2F0A15E30}.Debug|Any CPU.ActiveCfg = Debug|Any CPU
		{FD5CF457-CC1D-4B80-90D8-11F2F0A15E30}.Debug|Any CPU.Build.0 = Debug|Any CPU
		{FD5CF457-CC1D-4B80-90D8-11F2F0A15E30}.Release|Any CPU.ActiveCfg = Release|Any CPU
		{FD5CF457-CC1D-4B80-90D8-11F2F0A15E30}.Release|Any CPU.Build.0 = Release|Any CPU
		{10FF6CAA-6E2A-4487-BC3E-42FEA60327AE}.Debug|Any CPU.ActiveCfg = Debug|Any CPU
		{10FF6CAA-6E2A-4487-BC3E-42FEA60327AE}.Debug|Any CPU.Build.0 = Debug|Any CPU
		{10FF6CAA-6E2A-4487-BC3E-42FEA60327AE}.Release|Any CPU.ActiveCfg = Release|Any CPU
		{10FF6CAA-6E2A-4487-BC3E-42FEA60327AE}.Release|Any CPU.Build.0 = Release|Any CPU
		{2B32AAF3-4DB9-46B2-8D41-32903048BCFF}.Debug|Any CPU.ActiveCfg = Debug|Any CPU
		{2B32AAF3-4DB9-46B2-8D41-32903048BCFF}.Debug|Any CPU.Build.0 = Debug|Any CPU
		{2B32AAF3-4DB9-46B2-8D41-32903048BCFF}.Release|Any CPU.ActiveCfg = Release|Any CPU
		{2B32AAF3-4DB9-46B2-8D41-32903048BCFF}.Release|Any CPU.Build.0 = Release|Any CPU
		{416499CC-9A4F-4D49-A113-92E7E7E3443B}.Debug|Any CPU.ActiveCfg = Debug|Any CPU
		{416499CC-9A4F-4D49-A113-92E7E7E3443B}.Debug|Any CPU.Build.0 = Debug|Any CPU
		{416499CC-9A4F-4D49-A113-92E7E7E3443B}.Release|Any CPU.ActiveCfg = Release|Any CPU
		{416499CC-9A4F-4D49-A113-92E7E7E3443B}.Release|Any CPU.Build.0 = Release|Any CPU
		{500B0FC6-36D6-4A65-9088-D5CEBC928396}.Debug|Any CPU.ActiveCfg = Debug|Any CPU
		{500B0FC6-36D6-4A65-9088-D5CEBC928396}.Debug|Any CPU.Build.0 = Debug|Any CPU
		{500B0FC6-36D6-4A65-9088-D5CEBC928396}.Release|Any CPU.ActiveCfg = Release|Any CPU
		{500B0FC6-36D6-4A65-9088-D5CEBC928396}.Release|Any CPU.Build.0 = Release|Any CPU
		{2CB4F029-E160-4CBE-B6BE-F23A7A397652}.Debug|Any CPU.ActiveCfg = Debug|Any CPU
		{2CB4F029-E160-4CBE-B6BE-F23A7A397652}.Debug|Any CPU.Build.0 = Debug|Any CPU
		{2CB4F029-E160-4CBE-B6BE-F23A7A397652}.Release|Any CPU.ActiveCfg = Release|Any CPU
		{2CB4F029-E160-4CBE-B6BE-F23A7A397652}.Release|Any CPU.Build.0 = Release|Any CPU
		{455FFCE9-5FC3-430D-B064-DD284719CA93}.Debug|Any CPU.ActiveCfg = Debug|Any CPU
		{455FFCE9-5FC3-430D-B064-DD284719CA93}.Debug|Any CPU.Build.0 = Debug|Any CPU
		{455FFCE9-5FC3-430D-B064-DD284719CA93}.Release|Any CPU.ActiveCfg = Release|Any CPU
		{455FFCE9-5FC3-430D-B064-DD284719CA93}.Release|Any CPU.Build.0 = Release|Any CPU
		{1C8A603A-934E-4126-B611-D163112197D4}.Debug|Any CPU.ActiveCfg = Debug|Any CPU
		{1C8A603A-934E-4126-B611-D163112197D4}.Debug|Any CPU.Build.0 = Debug|Any CPU
		{1C8A603A-934E-4126-B611-D163112197D4}.Release|Any CPU.ActiveCfg = Release|Any CPU
		{1C8A603A-934E-4126-B611-D163112197D4}.Release|Any CPU.Build.0 = Release|Any CPU
		{A471E2E6-A781-490E-B3CC-78870457F96C}.Debug|Any CPU.ActiveCfg = Debug|Any CPU
		{A471E2E6-A781-490E-B3CC-78870457F96C}.Debug|Any CPU.Build.0 = Debug|Any CPU
		{A471E2E6-A781-490E-B3CC-78870457F96C}.Release|Any CPU.ActiveCfg = Release|Any CPU
		{A471E2E6-A781-490E-B3CC-78870457F96C}.Release|Any CPU.Build.0 = Release|Any CPU
		{90E73846-3ADB-4CEC-94C4-A3E9831E7FDB}.Debug|Any CPU.ActiveCfg = Debug|Any CPU
		{90E73846-3ADB-4CEC-94C4-A3E9831E7FDB}.Debug|Any CPU.Build.0 = Debug|Any CPU
		{90E73846-3ADB-4CEC-94C4-A3E9831E7FDB}.Release|Any CPU.ActiveCfg = Release|Any CPU
		{90E73846-3ADB-4CEC-94C4-A3E9831E7FDB}.Release|Any CPU.Build.0 = Release|Any CPU
		{B0FAA2A3-59BC-4305-AE5A-9F1232C43295}.Debug|Any CPU.ActiveCfg = Debug|Any CPU
		{B0FAA2A3-59BC-4305-AE5A-9F1232C43295}.Debug|Any CPU.Build.0 = Debug|Any CPU
		{B0FAA2A3-59BC-4305-AE5A-9F1232C43295}.Release|Any CPU.ActiveCfg = Release|Any CPU
		{B0FAA2A3-59BC-4305-AE5A-9F1232C43295}.Release|Any CPU.Build.0 = Release|Any CPU
		{0EB55586-0B9E-425C-8226-82F707783AC9}.Debug|Any CPU.ActiveCfg = Debug|Any CPU
		{0EB55586-0B9E-425C-8226-82F707783AC9}.Debug|Any CPU.Build.0 = Debug|Any CPU
		{0EB55586-0B9E-425C-8226-82F707783AC9}.Release|Any CPU.ActiveCfg = Release|Any CPU
		{0EB55586-0B9E-425C-8226-82F707783AC9}.Release|Any CPU.Build.0 = Release|Any CPU
		{D2A3F76E-6E6E-413D-9AC4-307C9EF1ACC4}.Debug|Any CPU.ActiveCfg = Debug|Any CPU
		{D2A3F76E-6E6E-413D-9AC4-307C9EF1ACC4}.Debug|Any CPU.Build.0 = Debug|Any CPU
		{D2A3F76E-6E6E-413D-9AC4-307C9EF1ACC4}.Release|Any CPU.ActiveCfg = Release|Any CPU
		{D2A3F76E-6E6E-413D-9AC4-307C9EF1ACC4}.Release|Any CPU.Build.0 = Release|Any CPU
		{75899B14-1394-406F-A39B-44AEA123F4E4}.Debug|Any CPU.ActiveCfg = Debug|Any CPU
		{75899B14-1394-406F-A39B-44AEA123F4E4}.Debug|Any CPU.Build.0 = Debug|Any CPU
		{75899B14-1394-406F-A39B-44AEA123F4E4}.Release|Any CPU.ActiveCfg = Release|Any CPU
		{75899B14-1394-406F-A39B-44AEA123F4E4}.Release|Any CPU.Build.0 = Release|Any CPU
		{AEBAE399-3C8E-4DA4-993E-81F5C91F6235}.Debug|Any CPU.ActiveCfg = Debug|Any CPU
		{AEBAE399-3C8E-4DA4-993E-81F5C91F6235}.Debug|Any CPU.Build.0 = Debug|Any CPU
		{AEBAE399-3C8E-4DA4-993E-81F5C91F6235}.Release|Any CPU.ActiveCfg = Release|Any CPU
		{AEBAE399-3C8E-4DA4-993E-81F5C91F6235}.Release|Any CPU.Build.0 = Release|Any CPU
		{B3B0A78F-068A-49A1-B88E-8727308A5C11}.Debug|Any CPU.ActiveCfg = Debug|Any CPU
		{B3B0A78F-068A-49A1-B88E-8727308A5C11}.Debug|Any CPU.Build.0 = Debug|Any CPU
		{B3B0A78F-068A-49A1-B88E-8727308A5C11}.Release|Any CPU.ActiveCfg = Release|Any CPU
		{B3B0A78F-068A-49A1-B88E-8727308A5C11}.Release|Any CPU.Build.0 = Release|Any CPU
		{3A9612FC-9779-45B1-B5B2-E6503B35F666}.Debug|Any CPU.ActiveCfg = Debug|Any CPU
		{3A9612FC-9779-45B1-B5B2-E6503B35F666}.Debug|Any CPU.Build.0 = Debug|Any CPU
		{3A9612FC-9779-45B1-B5B2-E6503B35F666}.Release|Any CPU.ActiveCfg = Release|Any CPU
		{3A9612FC-9779-45B1-B5B2-E6503B35F666}.Release|Any CPU.Build.0 = Release|Any CPU
		{1D2F6C65-190C-4C58-9F1A-91FAF69EC17C}.Debug|Any CPU.ActiveCfg = Debug|Any CPU
		{1D2F6C65-190C-4C58-9F1A-91FAF69EC17C}.Debug|Any CPU.Build.0 = Debug|Any CPU
		{1D2F6C65-190C-4C58-9F1A-91FAF69EC17C}.Release|Any CPU.ActiveCfg = Release|Any CPU
		{1D2F6C65-190C-4C58-9F1A-91FAF69EC17C}.Release|Any CPU.Build.0 = Release|Any CPU
		{C87CDD6C-A0B1-460C-9194-CE6BB9913BE1}.Debug|Any CPU.ActiveCfg = Debug|Any CPU
		{C87CDD6C-A0B1-460C-9194-CE6BB9913BE1}.Debug|Any CPU.Build.0 = Debug|Any CPU
		{C87CDD6C-A0B1-460C-9194-CE6BB9913BE1}.Release|Any CPU.ActiveCfg = Release|Any CPU
		{C87CDD6C-A0B1-460C-9194-CE6BB9913BE1}.Release|Any CPU.Build.0 = Release|Any CPU
		{0C4805DC-2D8A-4B43-8343-6CEFA41FCAD6}.Debug|Any CPU.ActiveCfg = Debug|Any CPU
		{0C4805DC-2D8A-4B43-8343-6CEFA41FCAD6}.Debug|Any CPU.Build.0 = Debug|Any CPU
		{0C4805DC-2D8A-4B43-8343-6CEFA41FCAD6}.Release|Any CPU.ActiveCfg = Release|Any CPU
		{0C4805DC-2D8A-4B43-8343-6CEFA41FCAD6}.Release|Any CPU.Build.0 = Release|Any CPU
		{40AA546E-33D1-4500-B6DB-93DD4F4045A4}.Debug|Any CPU.ActiveCfg = Debug|Any CPU
		{40AA546E-33D1-4500-B6DB-93DD4F4045A4}.Debug|Any CPU.Build.0 = Debug|Any CPU
		{40AA546E-33D1-4500-B6DB-93DD4F4045A4}.Release|Any CPU.ActiveCfg = Release|Any CPU
		{40AA546E-33D1-4500-B6DB-93DD4F4045A4}.Release|Any CPU.Build.0 = Release|Any CPU
		{E4B71C16-61A9-407C-B24F-6822C2ABCCF2}.Debug|Any CPU.ActiveCfg = Debug|Any CPU
		{E4B71C16-61A9-407C-B24F-6822C2ABCCF2}.Debug|Any CPU.Build.0 = Debug|Any CPU
		{E4B71C16-61A9-407C-B24F-6822C2ABCCF2}.Release|Any CPU.ActiveCfg = Release|Any CPU
		{E4B71C16-61A9-407C-B24F-6822C2ABCCF2}.Release|Any CPU.Build.0 = Release|Any CPU
		{69D76D97-AC79-4581-B4E7-E053909681F6}.Debug|Any CPU.ActiveCfg = Debug|Any CPU
		{69D76D97-AC79-4581-B4E7-E053909681F6}.Debug|Any CPU.Build.0 = Debug|Any CPU
		{69D76D97-AC79-4581-B4E7-E053909681F6}.Release|Any CPU.ActiveCfg = Release|Any CPU
		{69D76D97-AC79-4581-B4E7-E053909681F6}.Release|Any CPU.Build.0 = Release|Any CPU
		{80402072-4B27-4ECE-98E7-D6F28FB4E4D8}.Debug|Any CPU.ActiveCfg = Debug|Any CPU
		{80402072-4B27-4ECE-98E7-D6F28FB4E4D8}.Debug|Any CPU.Build.0 = Debug|Any CPU
		{80402072-4B27-4ECE-98E7-D6F28FB4E4D8}.Release|Any CPU.ActiveCfg = Release|Any CPU
		{80402072-4B27-4ECE-98E7-D6F28FB4E4D8}.Release|Any CPU.Build.0 = Release|Any CPU
		{B773B052-0CE4-4A17-AB0F-EB3368543129}.Debug|Any CPU.ActiveCfg = Debug|Any CPU
		{B773B052-0CE4-4A17-AB0F-EB3368543129}.Debug|Any CPU.Build.0 = Debug|Any CPU
		{B773B052-0CE4-4A17-AB0F-EB3368543129}.Release|Any CPU.ActiveCfg = Release|Any CPU
		{B773B052-0CE4-4A17-AB0F-EB3368543129}.Release|Any CPU.Build.0 = Release|Any CPU
		{81B8F5F5-69D0-4541-A8C1-0C4177957C16}.Debug|Any CPU.ActiveCfg = Debug|Any CPU
		{81B8F5F5-69D0-4541-A8C1-0C4177957C16}.Debug|Any CPU.Build.0 = Debug|Any CPU
		{81B8F5F5-69D0-4541-A8C1-0C4177957C16}.Release|Any CPU.ActiveCfg = Release|Any CPU
		{81B8F5F5-69D0-4541-A8C1-0C4177957C16}.Release|Any CPU.Build.0 = Release|Any CPU
		{AA6B35EE-C978-4601-A14A-2EC740591418}.Debug|Any CPU.ActiveCfg = Debug|Any CPU
		{AA6B35EE-C978-4601-A14A-2EC740591418}.Debug|Any CPU.Build.0 = Debug|Any CPU
		{AA6B35EE-C978-4601-A14A-2EC740591418}.Release|Any CPU.ActiveCfg = Release|Any CPU
		{AA6B35EE-C978-4601-A14A-2EC740591418}.Release|Any CPU.Build.0 = Release|Any CPU
		{E1BA76A5-4AEF-4256-B771-BFA7FE36E06A}.Debug|Any CPU.ActiveCfg = Debug|Any CPU
		{E1BA76A5-4AEF-4256-B771-BFA7FE36E06A}.Debug|Any CPU.Build.0 = Debug|Any CPU
		{E1BA76A5-4AEF-4256-B771-BFA7FE36E06A}.Release|Any CPU.ActiveCfg = Release|Any CPU
		{E1BA76A5-4AEF-4256-B771-BFA7FE36E06A}.Release|Any CPU.Build.0 = Release|Any CPU
		{25CA46DF-B320-44CE-82BD-20D667122657}.Debug|Any CPU.ActiveCfg = Debug|Any CPU
		{25CA46DF-B320-44CE-82BD-20D667122657}.Debug|Any CPU.Build.0 = Debug|Any CPU
		{25CA46DF-B320-44CE-82BD-20D667122657}.Release|Any CPU.ActiveCfg = Release|Any CPU
		{25CA46DF-B320-44CE-82BD-20D667122657}.Release|Any CPU.Build.0 = Release|Any CPU
		{36B3E9FE-F048-44C2-ADD8-CB72F1BEBDD1}.Debug|Any CPU.ActiveCfg = Debug|Any CPU
		{36B3E9FE-F048-44C2-ADD8-CB72F1BEBDD1}.Debug|Any CPU.Build.0 = Debug|Any CPU
		{36B3E9FE-F048-44C2-ADD8-CB72F1BEBDD1}.Release|Any CPU.ActiveCfg = Release|Any CPU
		{36B3E9FE-F048-44C2-ADD8-CB72F1BEBDD1}.Release|Any CPU.Build.0 = Release|Any CPU
		{9EF4EFF8-95AC-4C8D-BA77-B57D75B0CF7D}.Debug|Any CPU.ActiveCfg = Debug|Any CPU
		{9EF4EFF8-95AC-4C8D-BA77-B57D75B0CF7D}.Debug|Any CPU.Build.0 = Debug|Any CPU
		{9EF4EFF8-95AC-4C8D-BA77-B57D75B0CF7D}.Release|Any CPU.ActiveCfg = Release|Any CPU
		{9EF4EFF8-95AC-4C8D-BA77-B57D75B0CF7D}.Release|Any CPU.Build.0 = Release|Any CPU
		{CDBA912D-DD85-48A4-AC64-EEB128BB2313}.Debug|Any CPU.ActiveCfg = Debug|Any CPU
		{CDBA912D-DD85-48A4-AC64-EEB128BB2313}.Debug|Any CPU.Build.0 = Debug|Any CPU
		{CDBA912D-DD85-48A4-AC64-EEB128BB2313}.Release|Any CPU.ActiveCfg = Release|Any CPU
		{CDBA912D-DD85-48A4-AC64-EEB128BB2313}.Release|Any CPU.Build.0 = Release|Any CPU
		{FD20631E-1533-4E7E-87CE-EA3905359BB8}.Debug|Any CPU.ActiveCfg = Debug|Any CPU
		{FD20631E-1533-4E7E-87CE-EA3905359BB8}.Debug|Any CPU.Build.0 = Debug|Any CPU
		{FD20631E-1533-4E7E-87CE-EA3905359BB8}.Release|Any CPU.ActiveCfg = Release|Any CPU
		{FD20631E-1533-4E7E-87CE-EA3905359BB8}.Release|Any CPU.Build.0 = Release|Any CPU
		{94BA374D-5675-47AD-9E6A-7ECCF690C552}.Debug|Any CPU.ActiveCfg = Debug|Any CPU
		{94BA374D-5675-47AD-9E6A-7ECCF690C552}.Debug|Any CPU.Build.0 = Debug|Any CPU
		{94BA374D-5675-47AD-9E6A-7ECCF690C552}.Release|Any CPU.ActiveCfg = Release|Any CPU
		{94BA374D-5675-47AD-9E6A-7ECCF690C552}.Release|Any CPU.Build.0 = Release|Any CPU
		{72CCD2CE-3CEA-4D7C-8E30-6F2DF781DCE4}.Debug|Any CPU.ActiveCfg = Debug|Any CPU
		{72CCD2CE-3CEA-4D7C-8E30-6F2DF781DCE4}.Debug|Any CPU.Build.0 = Debug|Any CPU
		{72CCD2CE-3CEA-4D7C-8E30-6F2DF781DCE4}.Release|Any CPU.ActiveCfg = Release|Any CPU
		{72CCD2CE-3CEA-4D7C-8E30-6F2DF781DCE4}.Release|Any CPU.Build.0 = Release|Any CPU
	EndGlobalSection
	GlobalSection(SolutionProperties) = preSolution
		HideSolutionNode = FALSE
	EndGlobalSection
	GlobalSection(ExtensibilityGlobals) = postSolution
		SolutionGuid = {8354151E-8728-4BF1-84F7-C095323CD541}
	EndGlobalSection
EndGlobal
